// !$*UTF8*$!
{
	archiveVersion = 1;
	classes = {
	};
	objectVersion = 50;
	objects = {

/* Begin PBXBuildFile section */
		818FCEEB2588ECD4000EAEC6 /* LernMultipticationApp.swift in Sources */ = {isa = PBXBuildFile; fileRef = 818FCEEA2588ECD4000EAEC6 /* LernMultipticationApp.swift */; };
		818FCEED2588ECD4000EAEC6 /* ContentView.swift in Sources */ = {isa = PBXBuildFile; fileRef = 818FCEEC2588ECD4000EAEC6 /* ContentView.swift */; };
		818FCEEF2588ECD5000EAEC6 /* Assets.xcassets in Resources */ = {isa = PBXBuildFile; fileRef = 818FCEEE2588ECD5000EAEC6 /* Assets.xcassets */; };
		818FCEF22588ECD5000EAEC6 /* Preview Assets.xcassets in Resources */ = {isa = PBXBuildFile; fileRef = 818FCEF12588ECD5000EAEC6 /* Preview Assets.xcassets */; };
/* End PBXBuildFile section */

/* Begin PBXFileReference section */
		818FCEE72588ECD4000EAEC6 /* LernMultiptication.app */ = {isa = PBXFileReference; explicitFileType = wrapper.application; includeInIndex = 0; path = LernMultiptication.app; sourceTree = BUILT_PRODUCTS_DIR; };
		818FCEEA2588ECD4000EAEC6 /* LernMultipticationApp.swift */ = {isa = PBXFileReference; lastKnownFileType = sourcecode.swift; path = LernMultipticationApp.swift; sourceTree = "<group>"; };
		818FCEEC2588ECD4000EAEC6 /* ContentView.swift */ = {isa = PBXFileReference; lastKnownFileType = sourcecode.swift; path = ContentView.swift; sourceTree = "<group>"; };
		818FCEEE2588ECD5000EAEC6 /* Assets.xcassets */ = {isa = PBXFileReference; lastKnownFileType = folder.assetcatalog; path = Assets.xcassets; sourceTree = "<group>"; };
		818FCEF12588ECD5000EAEC6 /* Preview Assets.xcassets */ = {isa = PBXFileReference; lastKnownFileType = folder.assetcatalog; path = "Preview Assets.xcassets"; sourceTree = "<group>"; };
		818FCEF32588ECD5000EAEC6 /* Info.plist */ = {isa = PBXFileReference; lastKnownFileType = text.plist.xml; path = Info.plist; sourceTree = "<group>"; };
/* End PBXFileReference section */

/* Begin PBXFrameworksBuildPhase section */
		818FCEE42588ECD4000EAEC6 /* Frameworks */ = {
			isa = PBXFrameworksBuildPhase;
			buildActionMask = 2147483647;
			files = (
			);
			runOnlyForDeploymentPostprocessing = 0;
		};
/* End PBXFrameworksBuildPhase section */

/* Begin PBXGroup section */
		818FCEDE2588ECD4000EAEC6 = {
			isa = PBXGroup;
			children = (
				818FCEE92588ECD4000EAEC6 /* LernMultiptication */,
				818FCEE82588ECD4000EAEC6 /* Products */,
			);
			sourceTree = "<group>";
		};
		818FCEE82588ECD4000EAEC6 /* Products */ = {
			isa = PBXGroup;
			children = (
				818FCEE72588ECD4000EAEC6 /* LernMultiptication.app */,
			);
			name = Products;
			sourceTree = "<group>";
		};
		818FCEE92588ECD4000EAEC6 /* LernMultiptication */ = {
			isa = PBXGroup;
			children = (
				818FCEEA2588ECD4000EAEC6 /* LernMultipticationApp.swift */,
				818FCEEC2588ECD4000EAEC6 /* ContentView.swift */,
				818FCEEE2588ECD5000EAEC6 /* Assets.xcassets */,
				818FCEF32588ECD5000EAEC6 /* Info.plist */,
				818FCEF02588ECD5000EAEC6 /* Preview Content */,
			);
			path = LernMultiptication;
			sourceTree = "<group>";
		};
		818FCEF02588ECD5000EAEC6 /* Preview Content */ = {
			isa = PBXGroup;
			children = (
				818FCEF12588ECD5000EAEC6 /* Preview Assets.xcassets */,
			);
			path = "Preview Content";
			sourceTree = "<group>";
		};
/* End PBXGroup section */

/* Begin PBXNativeTarget section */
		818FCEE62588ECD4000EAEC6 /* LernMultiptication */ = {
			isa = PBXNativeTarget;
			buildConfigurationList = 818FCEF62588ECD5000EAEC6 /* Build configuration list for PBXNativeTarget "LernMultiptication" */;
			buildPhases = (
				818FCEE32588ECD4000EAEC6 /* Sources */,
				818FCEE42588ECD4000EAEC6 /* Frameworks */,
				818FCEE52588ECD4000EAEC6 /* Resources */,
			);
			buildRules = (
			);
			dependencies = (
			);
			name = LernMultiptication;
			productName = LernMultiptication;
			productReference = 818FCEE72588ECD4000EAEC6 /* LernMultiptication.app */;
			productType = "com.apple.product-type.application";
		};
/* End PBXNativeTarget section */

/* Begin PBXProject section */
		818FCEDF2588ECD4000EAEC6 /* Project object */ = {
			isa = PBXProject;
			attributes = {
				LastSwiftUpdateCheck = 1220;
				LastUpgradeCheck = 1220;
				TargetAttributes = {
					818FCEE62588ECD4000EAEC6 = {
						CreatedOnToolsVersion = 12.2;
					};
				};
			};
			buildConfigurationList = 818FCEE22588ECD4000EAEC6 /* Build configuration list for PBXProject "LernMultiptication" */;
			compatibilityVersion = "Xcode 9.3";
			developmentRegion = en;
			hasScannedForEncodings = 0;
			knownRegions = (
				en,
				Base,
			);
			mainGroup = 818FCEDE2588ECD4000EAEC6;
			productRefGroup = 818FCEE82588ECD4000EAEC6 /* Products */;
			projectDirPath = "";
			projectRoot = "";
			targets = (
				818FCEE62588ECD4000EAEC6 /* LernMultiptication */,
			);
		};
/* End PBXProject section */

/* Begin PBXResourcesBuildPhase section */
		818FCEE52588ECD4000EAEC6 /* Resources */ = {
			isa = PBXResourcesBuildPhase;
			buildActionMask = 2147483647;
			files = (
				818FCEF22588ECD5000EAEC6 /* Preview Assets.xcassets in Resources */,
				818FCEEF2588ECD5000EAEC6 /* Assets.xcassets in Resources */,
			);
			runOnlyForDeploymentPostprocessing = 0;
		};
/* End PBXResourcesBuildPhase section */

/* Begin PBXSourcesBuildPhase section */
		818FCEE32588ECD4000EAEC6 /* Sources */ = {
			isa = PBXSourcesBuildPhase;
			buildActionMask = 2147483647;
			files = (
				818FCEED2588ECD4000EAEC6 /* ContentView.swift in Sources */,
				818FCEEB2588ECD4000EAEC6 /* LernMultipticationApp.swift in Sources */,
			);
			runOnlyForDeploymentPostprocessing = 0;
		};
/* End PBXSourcesBuildPhase section */

/* Begin XCBuildConfiguration section */
		818FCEF42588ECD5000EAEC6 /* Debug */ = {
			isa = XCBuildConfiguration;
			buildSettings = {
				ALWAYS_SEARCH_USER_PATHS = NO;
				CLANG_ANALYZER_NONNULL = YES;
				CLANG_ANALYZER_NUMBER_OBJECT_CONVERSION = YES_AGGRESSIVE;
				CLANG_CXX_LANGUAGE_STANDARD = "gnu++14";
				CLANG_CXX_LIBRARY = "libc++";
				CLANG_ENABLE_MODULES = YES;
				CLANG_ENABLE_OBJC_ARC = YES;
				CLANG_ENABLE_OBJC_WEAK = YES;
				CLANG_WARN_BLOCK_CAPTURE_AUTORELEASING = YES;
				CLANG_WARN_BOOL_CONVERSION = YES;
				CLANG_WARN_COMMA = YES;
				CLANG_WARN_CONSTANT_CONVERSION = YES;
				CLANG_WARN_DEPRECATED_OBJC_IMPLEMENTATIONS = YES;
				CLANG_WARN_DIRECT_OBJC_ISA_USAGE = YES_ERROR;
				CLANG_WARN_DOCUMENTATION_COMMENTS = YES;
				CLANG_WARN_EMPTY_BODY = YES;
				CLANG_WARN_ENUM_CONVERSION = YES;
				CLANG_WARN_INFINITE_RECURSION = YES;
				CLANG_WARN_INT_CONVERSION = YES;
				CLANG_WARN_NON_LITERAL_NULL_CONVERSION = YES;
				CLANG_WARN_OBJC_IMPLICIT_RETAIN_SELF = YES;
				CLANG_WARN_OBJC_LITERAL_CONVERSION = YES;
				CLANG_WARN_OBJC_ROOT_CLASS = YES_ERROR;
				CLANG_WARN_QUOTED_INCLUDE_IN_FRAMEWORK_HEADER = YES;
				CLANG_WARN_RANGE_LOOP_ANALYSIS = YES;
				CLANG_WARN_STRICT_PROTOTYPES = YES;
				CLANG_WARN_SUSPICIOUS_MOVE = YES;
				CLANG_WARN_UNGUARDED_AVAILABILITY = YES_AGGRESSIVE;
				CLANG_WARN_UNREACHABLE_CODE = YES;
				CLANG_WARN__DUPLICATE_METHOD_MATCH = YES;
				COPY_PHASE_STRIP = NO;
				DEBUG_INFORMATION_FORMAT = dwarf;
				ENABLE_STRICT_OBJC_MSGSEND = YES;
				ENABLE_TESTABILITY = YES;
				GCC_C_LANGUAGE_STANDARD = gnu11;
				GCC_DYNAMIC_NO_PIC = NO;
				GCC_NO_COMMON_BLOCKS = YES;
				GCC_OPTIMIZATION_LEVEL = 0;
				GCC_PREPROCESSOR_DEFINITIONS = (
					"DEBUG=1",
					"$(inherited)",
				);
				GCC_WARN_64_TO_32_BIT_CONVERSION = YES;
				GCC_WARN_ABOUT_RETURN_TYPE = YES_ERROR;
				GCC_WARN_UNDECLARED_SELECTOR = YES;
				GCC_WARN_UNINITIALIZED_AUTOS = YES_AGGRESSIVE;
				GCC_WARN_UNUSED_FUNCTION = YES;
				GCC_WARN_UNUSED_VARIABLE = YES;
				IPHONEOS_DEPLOYMENT_TARGET = 14.2;
				MTL_ENABLE_DEBUG_INFO = INCLUDE_SOURCE;
				MTL_FAST_MATH = YES;
				ONLY_ACTIVE_ARCH = YES;
				SDKROOT = iphoneos;
				SWIFT_ACTIVE_COMPILATION_CONDITIONS = DEBUG;
				SWIFT_OPTIMIZATION_LEVEL = "-Onone";
			};
			name = Debug;
		};
		818FCEF52588ECD5000EAEC6 /* Release */ = {
			isa = XCBuildConfiguration;
			buildSettings = {
				ALWAYS_SEARCH_USER_PATHS = NO;
				CLANG_ANALYZER_NONNULL = YES;
				CLANG_ANALYZER_NUMBER_OBJECT_CONVERSION = YES_AGGRESSIVE;
				CLANG_CXX_LANGUAGE_STANDARD = "gnu++14";
				CLANG_CXX_LIBRARY = "libc++";
				CLANG_ENABLE_MODULES = YES;
				CLANG_ENABLE_OBJC_ARC = YES;
				CLANG_ENABLE_OBJC_WEAK = YES;
				CLANG_WARN_BLOCK_CAPTURE_AUTORELEASING = YES;
				CLANG_WARN_BOOL_CONVERSION = YES;
				CLANG_WARN_COMMA = YES;
				CLANG_WARN_CONSTANT_CONVERSION = YES;
				CLANG_WARN_DEPRECATED_OBJC_IMPLEMENTATIONS = YES;
				CLANG_WARN_DIRECT_OBJC_ISA_USAGE = YES_ERROR;
				CLANG_WARN_DOCUMENTATION_COMMENTS = YES;
				CLANG_WARN_EMPTY_BODY = YES;
				CLANG_WARN_ENUM_CONVERSION = YES;
				CLANG_WARN_INFINITE_RECURSION = YES;
				CLANG_WARN_INT_CONVERSION = YES;
				CLANG_WARN_NON_LITERAL_NULL_CONVERSION = YES;
				CLANG_WARN_OBJC_IMPLICIT_RETAIN_SELF = YES;
				CLANG_WARN_OBJC_LITERAL_CONVERSION = YES;
				CLANG_WARN_OBJC_ROOT_CLASS = YES_ERROR;
				CLANG_WARN_QUOTED_INCLUDE_IN_FRAMEWORK_HEADER = YES;
				CLANG_WARN_RANGE_LOOP_ANALYSIS = YES;
				CLANG_WARN_STRICT_PROTOTYPES = YES;
				CLANG_WARN_SUSPICIOUS_MOVE = YES;
				CLANG_WARN_UNGUARDED_AVAILABILITY = YES_AGGRESSIVE;
				CLANG_WARN_UNREACHABLE_CODE = YES;
				CLANG_WARN__DUPLICATE_METHOD_MATCH = YES;
				COPY_PHASE_STRIP = NO;
				DEBUG_INFORMATION_FORMAT = "dwarf-with-dsym";
				ENABLE_NS_ASSERTIONS = NO;
				ENABLE_STRICT_OBJC_MSGSEND = YES;
				GCC_C_LANGUAGE_STANDARD = gnu11;
				GCC_NO_COMMON_BLOCKS = YES;
				GCC_WARN_64_TO_32_BIT_CONVERSION = YES;
				GCC_WARN_ABOUT_RETURN_TYPE = YES_ERROR;
				GCC_WARN_UNDECLARED_SELECTOR = YES;
				GCC_WARN_UNINITIALIZED_AUTOS = YES_AGGRESSIVE;
				GCC_WARN_UNUSED_FUNCTION = YES;
				GCC_WARN_UNUSED_VARIABLE = YES;
				IPHONEOS_DEPLOYMENT_TARGET = 14.2;
				MTL_ENABLE_DEBUG_INFO = NO;
				MTL_FAST_MATH = YES;
				SDKROOT = iphoneos;
				SWIFT_COMPILATION_MODE = wholemodule;
				SWIFT_OPTIMIZATION_LEVEL = "-O";
				VALIDATE_PRODUCT = YES;
			};
			name = Release;
		};
		818FCEF72588ECD5000EAEC6 /* Debug */ = {
			isa = XCBuildConfiguration;
			buildSettings = {
				ASSETCATALOG_COMPILER_APPICON_NAME = AppIcon;
				ASSETCATALOG_COMPILER_GLOBAL_ACCENT_COLOR_NAME = AccentColor;
				CODE_SIGN_STYLE = Automatic;
				DEVELOPMENT_ASSET_PATHS = "\"LernMultiptication/Preview Content\"";
				DEVELOPMENT_TEAM = TRB2DCAGL6;
				ENABLE_PREVIEWS = YES;
				INFOPLIST_FILE = LernMultiptication/Info.plist;
				IPHONEOS_DEPLOYMENT_TARGET = 14.0;
				LD_RUNPATH_SEARCH_PATHS = (
					"$(inherited)",
					"@executable_path/Frameworks",
				);
				PRODUCT_BUNDLE_IDENTIFIER = ArtemGoldenbergCorp.LernMultiptication;
				PRODUCT_NAME = "$(TARGET_NAME)";
				SWIFT_VERSION = 5.0;
				TARGETED_DEVICE_FAMILY = "1,2";
			};
			name = Debug;
		};
		818FCEF82588ECD5000EAEC6 /* Release */ = {
			isa = XCBuildConfiguration;
			buildSettings = {
				ASSETCATALOG_COMPILER_APPICON_NAME = AppIcon;
				ASSETCATALOG_COMPILER_GLOBAL_ACCENT_COLOR_NAME = AccentColor;
				CODE_SIGN_STYLE = Automatic;
				DEVELOPMENT_ASSET_PATHS = "\"LernMultiptication/Preview Content\"";
				DEVELOPMENT_TEAM = TRB2DCAGL6;
				ENABLE_PREVIEWS = YES;
				INFOPLIST_FILE = LernMultiptication/Info.plist;
				IPHONEOS_DEPLOYMENT_TARGET = 14.0;
				LD_RUNPATH_SEARCH_PATHS = (
					"$(inherited)",
					"@executable_path/Frameworks",
				);
				PRODUCT_BUNDLE_IDENTIFIER = ArtemGoldenbergCorp.LernMultiptication;
				PRODUCT_NAME = "$(TARGET_NAME)";
				SWIFT_VERSION = 5.0;
				TARGETED_DEVICE_FAMILY = "1,2";
			};
			name = Release;
		};
/* End XCBuildConfiguration section */

/* Begin XCConfigurationList section */
		818FCEE22588ECD4000EAEC6 /* Build configuration list for PBXProject "LernMultiptication" */ = {
			isa = XCConfigurationList;
			buildConfigurations = (
				818FCEF42588ECD5000EAEC6 /* Debug */,
				818FCEF52588ECD5000EAEC6 /* Release */,
			);
			defaultConfigurationIsVisible = 0;
			defaultConfigurationName = Release;
		};
		818FCEF62588ECD5000EAEC6 /* Build configuration list for PBXNativeTarget "LernMultiptication" */ = {
			isa = XCConfigurationList;
			buildConfigurations = (
				818FCEF72588ECD5000EAEC6 /* Debug */,
				818FCEF82588ECD5000EAEC6 /* Release */,
			);
			defaultConfigurationIsVisible = 0;
			defaultConfigurationName = Release;
		};
/* End XCConfigurationList section */
	};
	rootObject = 818FCEDF2588ECD4000EAEC6 /* Project object */;
}
